
Microsoft Visual Studio Solution File, Format Version 12.00
# Visual Studio 15
VisualStudioVersion = 15.0.27703.2042
MinimumVisualStudioVersion = 10.0.40219.1
Project("{9A19103F-16F7-4668-BE54-9A1E7A4F7556}") = "ThreadsChallenge", "ThreadsChallenge\ThreadsChallenge.csproj", "{9CD971C5-4BCA-41C6-B212-4AA0B37B47F6}"
EndProject
Global
	GlobalSection(Performance) = preSolution
		HasPerformanceSessions = true
	EndGlobalSection
	GlobalSection(SolutionConfigurationPlatforms) = preSolution
		Debug|Any CPU = Debug|Any CPU
		Release|Any CPU = Release|Any CPU
	EndGlobalSection
	GlobalSection(ProjectConfigurationPlatforms) = postSolution
		{9CD971C5-4BCA-41C6-B212-4AA0B37B47F6}.Debug|Any CPU.ActiveCfg = Debug|Any CPU
		{9CD971C5-4BCA-41C6-B212-4AA0B37B47F6}.Debug|Any CPU.Build.0 = Debug|Any CPU
		{9CD971C5-4BCA-41C6-B212-4AA0B37B47F6}.Release|Any CPU.ActiveCfg = Release|Any CPU
		{9CD971C5-4BCA-41C6-B212-4AA0B37B47F6}.Release|Any CPU.Build.0 = Release|Any CPU
	EndGlobalSection
	GlobalSection(SolutionProperties) = preSolution
		HideSolutionNode = FALSE
	EndGlobalSection
	GlobalSection(ExtensibilityGlobals) = postSolution
		SolutionGuid = {5F5CCAC8-6242-4A83-8822-E3EFE0D0DEB8}
	EndGlobalSection
EndGlobal
